
Microsoft Visual Studio Solution File, Format Version 12.00
# Visual Studio Version 17
VisualStudioVersion = 17.9.34616.47
MinimumVisualStudioVersion = 10.0.40219.1
Project("{FAE04EC0-301F-11D3-BF4B-00C04F79EFBC}") = "energy", "energy\energy.csproj", "{BC9708AA-CE3C-4367-A8F6-7CE625CFEF0B}"
EndProject
Global
	GlobalSection(SolutionConfigurationPlatforms) = preSolution
		Debug|Any CPU = Debug|Any CPU
		Release|Any CPU = Release|Any CPU
	EndGlobalSection
	GlobalSection(ProjectConfigurationPlatforms) = postSolution
		{BC9708AA-CE3C-4367-A8F6-7CE625CFEF0B}.Debug|Any CPU.ActiveCfg = Debug|Any CPU
		{BC9708AA-CE3C-4367-A8F6-7CE625CFEF0B}.Debug|Any CPU.Build.0 = Debug|Any CPU
		{BC9708AA-CE3C-4367-A8F6-7CE625CFEF0B}.Release|Any CPU.ActiveCfg = Release|Any CPU
		{BC9708AA-CE3C-4367-A8F6-7CE625CFEF0B}.Release|Any CPU.Build.0 = Release|Any CPU
	EndGlobalSection
	GlobalSection(SolutionProperties) = preSolution
		HideSolutionNode = FALSE
	EndGlobalSection
	GlobalSection(ExtensibilityGlobals) = postSolution
		SolutionGuid = {1D827D15-00DF-48B9-96FC-7C308F40B2BE}
	EndGlobalSection
EndGlobal
